
Microsoft Visual Studio Solution File, Format Version 12.00
# Visual Studio Version 17
VisualStudioVersion = 17.11.35208.52
MinimumVisualStudioVersion = 10.0.40219.1
Project("{FAE04EC0-301F-11D3-BF4B-00C04F79EFBC}") = "SSCP", "SSCP\SSCP.csproj", "{6CAC98E3-F66F-467D-9EAC-18082A2CAB2C}"
EndProject
Project("{FAE04EC0-301F-11D3-BF4B-00C04F79EFBC}") = "SscpTest", "SscpTest\SscpTest.csproj", "{97C7846C-3E73-49F7-B52B-8EF66A7C42B3}"
EndProject
Project("{FAE04EC0-301F-11D3-BF4B-00C04F79EFBC}") = "SscpStressTest", "SscpStressTest\SscpStressTest.csproj", "{42920876-6562-495C-BC4F-D295845DA0F6}"
EndProject
Global
	GlobalSection(SolutionConfigurationPlatforms) = preSolution
		Debug|Any CPU = Debug|Any CPU
		Debug|x64 = Debug|x64
		Release|Any CPU = Release|Any CPU
		Release|x64 = Release|x64
	EndGlobalSection
	GlobalSection(ProjectConfigurationPlatforms) = postSolution
		{6CAC98E3-F66F-467D-9EAC-18082A2CAB2C}.Debug|Any CPU.ActiveCfg = Debug|Any CPU
		{6CAC98E3-F66F-467D-9EAC-18082A2CAB2C}.Debug|Any CPU.Build.0 = Debug|Any CPU
		{6CAC98E3-F66F-467D-9EAC-18082A2CAB2C}.Debug|x64.ActiveCfg = Debug|x64
		{6CAC98E3-F66F-467D-9EAC-18082A2CAB2C}.Debug|x64.Build.0 = Debug|x64
		{6CAC98E3-F66F-467D-9EAC-18082A2CAB2C}.Release|Any CPU.ActiveCfg = Release|Any CPU
		{6CAC98E3-F66F-467D-9EAC-18082A2CAB2C}.Release|Any CPU.Build.0 = Release|Any CPU
		{6CAC98E3-F66F-467D-9EAC-18082A2CAB2C}.Release|x64.ActiveCfg = Release|x64
		{6CAC98E3-F66F-467D-9EAC-18082A2CAB2C}.Release|x64.Build.0 = Release|x64
		{97C7846C-3E73-49F7-B52B-8EF66A7C42B3}.Debug|Any CPU.ActiveCfg = Debug|Any CPU
		{97C7846C-3E73-49F7-B52B-8EF66A7C42B3}.Debug|Any CPU.Build.0 = Debug|Any CPU
		{97C7846C-3E73-49F7-B52B-8EF66A7C42B3}.Debug|x64.ActiveCfg = Debug|x64
		{97C7846C-3E73-49F7-B52B-8EF66A7C42B3}.Debug|x64.Build.0 = Debug|x64
		{97C7846C-3E73-49F7-B52B-8EF66A7C42B3}.Release|Any CPU.ActiveCfg = Release|Any CPU
		{97C7846C-3E73-49F7-B52B-8EF66A7C42B3}.Release|Any CPU.Build.0 = Release|Any CPU
		{97C7846C-3E73-49F7-B52B-8EF66A7C42B3}.Release|x64.ActiveCfg = Release|x64
		{97C7846C-3E73-49F7-B52B-8EF66A7C42B3}.Release|x64.Build.0 = Release|x64
		{42920876-6562-495C-BC4F-D295845DA0F6}.Debug|Any CPU.ActiveCfg = Debug|Any CPU
		{42920876-6562-495C-BC4F-D295845DA0F6}.Debug|Any CPU.Build.0 = Debug|Any CPU
		{42920876-6562-495C-BC4F-D295845DA0F6}.Debug|x64.ActiveCfg = Debug|Any CPU
		{42920876-6562-495C-BC4F-D295845DA0F6}.Debug|x64.Build.0 = Debug|Any CPU
		{42920876-6562-495C-BC4F-D295845DA0F6}.Release|Any CPU.ActiveCfg = Release|Any CPU
		{42920876-6562-495C-BC4F-D295845DA0F6}.Release|Any CPU.Build.0 = Release|Any CPU
		{42920876-6562-495C-BC4F-D295845DA0F6}.Release|x64.ActiveCfg = Release|Any CPU
		{42920876-6562-495C-BC4F-D295845DA0F6}.Release|x64.Build.0 = Release|Any CPU
	EndGlobalSection
	GlobalSection(SolutionProperties) = preSolution
		HideSolutionNode = FALSE
	EndGlobalSection
	GlobalSection(ExtensibilityGlobals) = postSolution
		SolutionGuid = {9CC83625-CB52-4266-A2BC-464D913FE70F}
	EndGlobalSection
EndGlobal
