
Microsoft Visual Studio Solution File, Format Version 12.00
# Visual Studio Version 17
VisualStudioVersion = 17.11.35208.52
MinimumVisualStudioVersion = 10.0.40219.1
Project("{FAE04EC0-301F-11D3-BF4B-00C04F79EFBC}") = "SSCP", "SSCP.csproj", "{EA194B5C-3C85-428F-92D5-94F80ED6DD73}"
EndProject
Global
	GlobalSection(SolutionConfigurationPlatforms) = preSolution
		Debug|Any CPU = Debug|Any CPU
		Debug|x64 = Debug|x64
		Release|Any CPU = Release|Any CPU
		Release|x64 = Release|x64
	EndGlobalSection
	GlobalSection(ProjectConfigurationPlatforms) = postSolution
		{EA194B5C-3C85-428F-92D5-94F80ED6DD73}.Debug|Any CPU.ActiveCfg = Debug|Any CPU
		{EA194B5C-3C85-428F-92D5-94F80ED6DD73}.Debug|Any CPU.Build.0 = Debug|Any CPU
		{EA194B5C-3C85-428F-92D5-94F80ED6DD73}.Debug|x64.ActiveCfg = Debug|Any CPU
		{EA194B5C-3C85-428F-92D5-94F80ED6DD73}.Debug|x64.Build.0 = Debug|Any CPU
		{EA194B5C-3C85-428F-92D5-94F80ED6DD73}.Release|Any CPU.ActiveCfg = Release|Any CPU
		{EA194B5C-3C85-428F-92D5-94F80ED6DD73}.Release|Any CPU.Build.0 = Release|Any CPU
		{EA194B5C-3C85-428F-92D5-94F80ED6DD73}.Release|x64.ActiveCfg = Release|Any CPU
		{EA194B5C-3C85-428F-92D5-94F80ED6DD73}.Release|x64.Build.0 = Release|Any CPU
	EndGlobalSection
	GlobalSection(SolutionProperties) = preSolution
		HideSolutionNode = FALSE
	EndGlobalSection
	GlobalSection(ExtensibilityGlobals) = postSolution
		SolutionGuid = {66EF4966-0508-4976-829A-635EBB83C60F}
	EndGlobalSection
EndGlobal
